
Microsoft Visual Studio Solution File, Format Version 12.00
# Visual Studio Version 17
VisualStudioVersion = 17.10.34916.146
MinimumVisualStudioVersion = 10.0.40219.1
Project("{FAE04EC0-301F-11D3-BF4B-00C04F79EFBC}") = "TechnicalAxos_SosaAlejandro", "TechnicalAxos_SosaAlejandro.csproj", "{A0A1D6B3-B7A8-4DDA-9E18-FDD46E3059D6}"
EndProject
Project("{FAE04EC0-301F-11D3-BF4B-00C04F79EFBC}") = "TechnicalAxos_SosaAlejandroTests", "..\TechnicalAxos_SosaAlejandroTests\TechnicalAxos_SosaAlejandroTests.csproj", "{4B0AB496-8DC4-42CE-8105-5497A7836282}"
EndProject
Global
	GlobalSection(SolutionConfigurationPlatforms) = preSolution
		Debug|Any CPU = Debug|Any CPU
		Release|Any CPU = Release|Any CPU
	EndGlobalSection
	GlobalSection(ProjectConfigurationPlatforms) = postSolution
		{A0A1D6B3-B7A8-4DDA-9E18-FDD46E3059D6}.Debug|Any CPU.ActiveCfg = Debug|Any CPU
		{A0A1D6B3-B7A8-4DDA-9E18-FDD46E3059D6}.Debug|Any CPU.Build.0 = Debug|Any CPU
		{A0A1D6B3-B7A8-4DDA-9E18-FDD46E3059D6}.Debug|Any CPU.Deploy.0 = Debug|Any CPU
		{A0A1D6B3-B7A8-4DDA-9E18-FDD46E3059D6}.Release|Any CPU.ActiveCfg = Release|Any CPU
		{A0A1D6B3-B7A8-4DDA-9E18-FDD46E3059D6}.Release|Any CPU.Build.0 = Release|Any CPU
		{A0A1D6B3-B7A8-4DDA-9E18-FDD46E3059D6}.Release|Any CPU.Deploy.0 = Release|Any CPU
		{4B0AB496-8DC4-42CE-8105-5497A7836282}.Debug|Any CPU.ActiveCfg = Debug|Any CPU
		{4B0AB496-8DC4-42CE-8105-5497A7836282}.Debug|Any CPU.Build.0 = Debug|Any CPU
		{4B0AB496-8DC4-42CE-8105-5497A7836282}.Release|Any CPU.ActiveCfg = Release|Any CPU
		{4B0AB496-8DC4-42CE-8105-5497A7836282}.Release|Any CPU.Build.0 = Release|Any CPU
	EndGlobalSection
	GlobalSection(SolutionProperties) = preSolution
		HideSolutionNode = FALSE
	EndGlobalSection
	GlobalSection(ExtensibilityGlobals) = postSolution
		SolutionGuid = {A458A9B9-F011-436F-941E-803DA8A23287}
	EndGlobalSection
EndGlobal
